{
  "nodes": {
    "home-manager": {
      "inputs": {
        "nixpkgs": [
          "nixpkgs"
        ]
      },
      "locked": {
        "lastModified": 1684484967,
        "narHash": "sha256-P3ftCqeJmDYS9LSr2gGC4XGGcp5vv8TOasJX6fVHWsw=",
        "owner": "nix-community",
        "repo": "home-manager",
        "rev": "b9a52ad20e58ebd003444915e35e3dd2c18fc715",
        "type": "github"
      },
      "original": {
        "owner": "nix-community",
        "repo": "home-manager",
        "type": "github"
      }
    },
    "nixpkgs": {
      "locked": {
        "lastModified": 1684481515,
        "narHash": "sha256-sDMEZ4HLP6sVNiBcgla3KWihdDjh67DP5ZWkGKWFgY0=",
        "owner": "NixOS",
        "repo": "nixpkgs",
        "rev": "5b1bc788f578cd83d54b48bb057d6f6703ae7725",
        "type": "github"
      },
      "original": {
        "id": "nixpkgs",
        "ref": "nixos-unstable",
        "type": "indirect"
      }
    },
    "nixpkgs-master": {
      "locked": {
        "lastModified": 1684546663,
        "narHash": "sha256-nZ32kF0bq6/cX7kw9334jwf4nB0rvP3rylWLQz9pseE=",
        "owner": "NixOS",
        "repo": "nixpkgs",
        "rev": "f7bc9860723461df9796e7ee3d3c9910588c060d",
        "type": "github"
      },
      "original": {
        "owner": "NixOS",
        "ref": "master",
        "repo": "nixpkgs",
        "type": "github"
      }
    },
    "root": {
      "inputs": {
        "home-manager": "home-manager",
        "nixpkgs": "nixpkgs",
        "nixpkgs-master": "nixpkgs-master"
      }
    }
  },
  "root": "root",
  "version": 7
}
