{
  "nodes": {
    "home-manager": {
      "inputs": {
        "nixpkgs": [
          "nixpkgs"
        ]
      },
      "locked": {
        "lastModified": 1685189510,
        "narHash": "sha256-Hq5WF7zIixojPgvhgcd6MBvywwycVZ9wpK/8ogOyoaA=",
        "owner": "nix-community",
        "repo": "home-manager",
        "rev": "2d963854ae2499193c0c72fd67435fee34d3e4fd",
        "type": "github"
      },
      "original": {
        "owner": "nix-community",
        "repo": "home-manager",
        "type": "github"
      }
    },
    "nixpkgs": {
      "locked": {
        "lastModified": 1684935479,
        "narHash": "sha256-6QMMsXMr2nhmOPHdti2j3KRHt+bai2zw+LJfdCl97Mk=",
        "owner": "NixOS",
        "repo": "nixpkgs",
        "rev": "f91ee3065de91a3531329a674a45ddcb3467a650",
        "type": "github"
      },
      "original": {
        "id": "nixpkgs",
        "ref": "nixos-unstable",
        "type": "indirect"
      }
    },
    "nixpkgs-master": {
      "locked": {
        "lastModified": 1685230126,
        "narHash": "sha256-OWgW8n+Xl3TtPlw0fI8Pv7MSN5g1nMGQoTTPrDj0nHk=",
        "owner": "NixOS",
        "repo": "nixpkgs",
        "rev": "f0d82460d2cfa7922df6c2852a583504ad75eed2",
        "type": "github"
      },
      "original": {
        "owner": "NixOS",
        "ref": "master",
        "repo": "nixpkgs",
        "type": "github"
      }
    },
    "root": {
      "inputs": {
        "home-manager": "home-manager",
        "nixpkgs": "nixpkgs",
        "nixpkgs-master": "nixpkgs-master"
      }
    }
  },
  "root": "root",
  "version": 7
}
